
Microsoft Visual Studio Solution File, Format Version 12.00
# Visual Studio Version 16
VisualStudioVersion = 16.0.31129.286
MinimumVisualStudioVersion = 10.0.40219.1
Project("{FAE04EC0-301F-11D3-BF4B-00C04F79EFBC}") = "NFTAG", "NFTAG\NFTAG.csproj", "{A6AC5486-51BF-4E4E-B7A8-9E3A7AD8517D}"
EndProject
Global
	GlobalSection(SolutionConfigurationPlatforms) = preSolution
		Debug|Any CPU = Debug|Any CPU
		Release|Any CPU = Release|Any CPU
	EndGlobalSection
	GlobalSection(ProjectConfigurationPlatforms) = postSolution
		{A6AC5486-51BF-4E4E-B7A8-9E3A7AD8517D}.Debug|Any CPU.ActiveCfg = Debug|Any CPU
		{A6AC5486-51BF-4E4E-B7A8-9E3A7AD8517D}.Debug|Any CPU.Build.0 = Debug|Any CPU
		{A6AC5486-51BF-4E4E-B7A8-9E3A7AD8517D}.Release|Any CPU.ActiveCfg = Release|Any CPU
		{A6AC5486-51BF-4E4E-B7A8-9E3A7AD8517D}.Release|Any CPU.Build.0 = Release|Any CPU
	EndGlobalSection
	GlobalSection(SolutionProperties) = preSolution
		HideSolutionNode = FALSE
	EndGlobalSection
	GlobalSection(ExtensibilityGlobals) = postSolution
		SolutionGuid = {6E79F058-D7B7-440D-81E2-0383D8782AC7}
	EndGlobalSection
EndGlobal
